
Microsoft Visual Studio Solution File, Format Version 12.00
# Visual Studio 14
VisualStudioVersion = 14.0.25420.1
MinimumVisualStudioVersion = 10.0.40219.1
Project("{FAE04EC0-301F-11D3-BF4B-00C04F79EFBC}") = "ChatLibrary", "ChatLibrary\ChatLibrary.csproj", "{0FA67E7D-872F-4B0C-9FF3-5859BDB2713D}"
EndProject
Project("{FAE04EC0-301F-11D3-BF4B-00C04F79EFBC}") = "LoggerLibrary", "LoggerLibrary\LoggerLibrary.csproj", "{A5C56F56-7661-455F-A6CC-E816FF5916FC}"
EndProject
Project("{FAE04EC0-301F-11D3-BF4B-00C04F79EFBC}") = "ChatUI", "ChatUI\ChatUI.csproj", "{E48C8958-BB67-4076-9D33-2C998B215092}"
EndProject
Global
	GlobalSection(SolutionConfigurationPlatforms) = preSolution
		Debug|Any CPU = Debug|Any CPU
		Release|Any CPU = Release|Any CPU
	EndGlobalSection
	GlobalSection(ProjectConfigurationPlatforms) = postSolution
		{0FA67E7D-872F-4B0C-9FF3-5859BDB2713D}.Debug|Any CPU.ActiveCfg = Debug|Any CPU
		{0FA67E7D-872F-4B0C-9FF3-5859BDB2713D}.Debug|Any CPU.Build.0 = Debug|Any CPU
		{0FA67E7D-872F-4B0C-9FF3-5859BDB2713D}.Release|Any CPU.ActiveCfg = Release|Any CPU
		{0FA67E7D-872F-4B0C-9FF3-5859BDB2713D}.Release|Any CPU.Build.0 = Release|Any CPU
		{A5C56F56-7661-455F-A6CC-E816FF5916FC}.Debug|Any CPU.ActiveCfg = Debug|Any CPU
		{A5C56F56-7661-455F-A6CC-E816FF5916FC}.Debug|Any CPU.Build.0 = Debug|Any CPU
		{A5C56F56-7661-455F-A6CC-E816FF5916FC}.Release|Any CPU.ActiveCfg = Release|Any CPU
		{A5C56F56-7661-455F-A6CC-E816FF5916FC}.Release|Any CPU.Build.0 = Release|Any CPU
		{E48C8958-BB67-4076-9D33-2C998B215092}.Debug|Any CPU.ActiveCfg = Debug|Any CPU
		{E48C8958-BB67-4076-9D33-2C998B215092}.Debug|Any CPU.Build.0 = Debug|Any CPU
		{E48C8958-BB67-4076-9D33-2C998B215092}.Release|Any CPU.ActiveCfg = Release|Any CPU
		{E48C8958-BB67-4076-9D33-2C998B215092}.Release|Any CPU.Build.0 = Release|Any CPU
	EndGlobalSection
	GlobalSection(SolutionProperties) = preSolution
		HideSolutionNode = FALSE
	EndGlobalSection
	GlobalSection(ExtensibilityGlobals) = postSolution
		EnterpriseLibraryConfigurationToolBinariesPathV6 = packages\EnterpriseLibrary.Common.6.0.1304.0\lib\NET45;packages\EnterpriseLibrary.Logging.6.0.1304.0\lib\NET45
	EndGlobalSection
EndGlobal
